[[package]]
name = "colorama"
version = "0.4.6"
requires_python = "!=3.0.*,!=3.1.*,!=3.2.*,!=3.3.*,!=3.4.*,!=3.5.*,!=3.6.*,>=2.7"
summary = "Cross-platform colored terminal text."

[[package]]
name = "flake8"
version = "6.0.0"
requires_python = ">=3.8.1"
summary = "the modular source code checker: pep8 pyflakes and co"
dependencies = [
    "mccabe<0.8.0,>=0.7.0",
    "pycodestyle<2.11.0,>=2.10.0",
    "pyflakes<3.1.0,>=3.0.0",
]

[[package]]
name = "loguru"
version = "0.6.0"
requires_python = ">=3.5"
summary = "Python logging made (stupidly) simple"
dependencies = [
    "colorama>=0.3.4; sys_platform == \"win32\"",
    "win32-setctime>=1.0.0; sys_platform == \"win32\"",
]

[[package]]
name = "mccabe"
version = "0.7.0"
requires_python = ">=3.6"
summary = "McCabe checker, plugin for flake8"

[[package]]
name = "pip"
version = "22.3.1"
requires_python = ">=3.7"
summary = "The PyPA recommended tool for installing Python packages."

[[package]]
name = "pycodestyle"
version = "2.10.0"
requires_python = ">=3.6"
summary = "Python style guide checker"

[[package]]
name = "pyflakes"
version = "3.0.1"
requires_python = ">=3.6"
summary = "passive checker of Python programs"

[[package]]
name = "pymupdf"
version = "1.21.1"
requires_python = ">=3.7"
summary = "Python bindings for the PDF toolkit and renderer MuPDF"

[[package]]
name = "win32-setctime"
version = "1.1.0"
requires_python = ">=3.5"
summary = "A small Python utility to set file creation time on Windows"

[metadata]
lock_version = "4.1"
content_hash = "sha256:2a837a1e99bd9c068365f5bc6814694ae09c863560840c3fa3dadff0529859a0"

[metadata.files]
"colorama 0.4.6" = [
    {url = "https://files.pythonhosted.org/packages/d1/d6/3965ed04c63042e047cb6a3e6ed1a63a35087b6a609aa3a15ed8ac56c221/colorama-0.4.6-py2.py3-none-any.whl", hash = "sha256:4f1d9991f5acc0ca119f9d443620b77f9d6b33703e51011c16baf57afb285fc6"},
    {url = "https://files.pythonhosted.org/packages/d8/53/6f443c9a4a8358a93a6792e2acffb9d9d5cb0a5cfd8802644b7b1c9a02e4/colorama-0.4.6.tar.gz", hash = "sha256:08695f5cb7ed6e0531a20572697297273c47b8cae5a63ffc6d6ed5c201be6e44"},
]
"flake8 6.0.0" = [
    {url = "https://files.pythonhosted.org/packages/66/53/3ad4a3b74d609b3b9008a10075c40e7c8909eae60af53623c3888f7a529a/flake8-6.0.0.tar.gz", hash = "sha256:c61007e76655af75e6785a931f452915b371dc48f56efd765247c8fe68f2b181"},
    {url = "https://files.pythonhosted.org/packages/d9/6a/bb0122ebe280476c924470779d2595f1403878cafe3c8a343ac56a5a9c0e/flake8-6.0.0-py2.py3-none-any.whl", hash = "sha256:3833794e27ff64ea4e9cf5d410082a8b97ff1a06c16aa3d2027339cd0f1195c7"},
]
"loguru 0.6.0" = [
    {url = "https://files.pythonhosted.org/packages/75/1f/d3818863e4be96bd641c4643c535a98f0fa2a12efa7c8ba35f763fa778ee/loguru-0.6.0.tar.gz", hash = "sha256:066bd06758d0a513e9836fd9c6b5a75bfb3fd36841f4b996bc60b547a309d41c"},
    {url = "https://files.pythonhosted.org/packages/fe/21/e1d1da2586865a159fc73b611f36bdd50b6c4043cb6132d3d5e972988028/loguru-0.6.0-py3-none-any.whl", hash = "sha256:4e2414d534a2ab57573365b3e6d0234dfb1d84b68b7f3b948e6fb743860a77c3"},
]
"mccabe 0.7.0" = [
    {url = "https://files.pythonhosted.org/packages/27/1a/1f68f9ba0c207934b35b86a8ca3aad8395a3d6dd7921c0686e23853ff5a9/mccabe-0.7.0-py2.py3-none-any.whl", hash = "sha256:6c2d30ab6be0e4a46919781807b4f0d834ebdd6c6e3dca0bda5a15f863427b6e"},
    {url = "https://files.pythonhosted.org/packages/e7/ff/0ffefdcac38932a54d2b5eed4e0ba8a408f215002cd178ad1df0f2806ff8/mccabe-0.7.0.tar.gz", hash = "sha256:348e0240c33b60bbdf4e523192ef919f28cb2c3d7d5c7794f74009290f236325"},
]
"pip 22.3.1" = [
    {url = "https://files.pythonhosted.org/packages/09/bd/2410905c76ee14c62baf69e3f4aa780226c1bbfc9485731ad018e35b0cb5/pip-22.3.1-py3-none-any.whl", hash = "sha256:908c78e6bc29b676ede1c4d57981d490cb892eb45cd8c214ab6298125119e077"},
    {url = "https://files.pythonhosted.org/packages/a3/50/c4d2727b99052780aad92c7297465af5fe6eec2dbae490aa9763273ffdc1/pip-22.3.1.tar.gz", hash = "sha256:65fd48317359f3af8e593943e6ae1506b66325085ea64b706a998c6e83eeaf38"},
]
"pycodestyle 2.10.0" = [
    {url = "https://files.pythonhosted.org/packages/06/6b/5ca0d12ef7dcf7d20dfa35287d02297f3e0f9e515da5183654c03a9636ce/pycodestyle-2.10.0.tar.gz", hash = "sha256:347187bdb476329d98f695c213d7295a846d1152ff4fe9bacb8a9590b8ee7053"},
    {url = "https://files.pythonhosted.org/packages/a2/54/001fdc0d69e8d0bb86c3423a6fa6dfada8cc26317c2635ab543e9ac411bd/pycodestyle-2.10.0-py2.py3-none-any.whl", hash = "sha256:8a4eaf0d0495c7395bdab3589ac2db602797d76207242c17d470186815706610"},
]
"pyflakes 3.0.1" = [
    {url = "https://files.pythonhosted.org/packages/af/4c/b1c7008aa7788b3e26c06c60aa18da7d3aa1f00e344aa3f18ac92768854b/pyflakes-3.0.1-py2.py3-none-any.whl", hash = "sha256:ec55bf7fe21fff7f1ad2f7da62363d749e2a470500eab1b555334b67aa1ef8cf"},
    {url = "https://files.pythonhosted.org/packages/f2/51/506ddcfab10d708e8460554cc1cf37c727a6a2cccbad8dfe57766cfce33c/pyflakes-3.0.1.tar.gz", hash = "sha256:ec8b276a6b60bd80defed25add7e439881c19e64850afd9b346283d4165fd0fd"},
]
"pymupdf 1.21.1" = [
    {url = "https://files.pythonhosted.org/packages/0a/f1/fd5c5f277f5cd7c76363801b0f489c133a1cbd6f96a4a2cec3acd29eeb5b/PyMuPDF-1.21.1-cp39-cp39-win_amd64.whl", hash = "sha256:069ba56c28cb9b603d016c63f23a21bf22a00c5b2a92286bf3dd6a2759e119d4"},
    {url = "https://files.pythonhosted.org/packages/15/18/7037eabe854ee4c5be8cf57cfc362d417a716f5e881411291e6984be2a1c/PyMuPDF-1.21.1-cp311-cp311-win32.whl", hash = "sha256:1fc4c8aee186326b3f138be8a4ac16a343e76c8ec45b5afab2d105a5e3b02d80"},
    {url = "https://files.pythonhosted.org/packages/15/d0/5500875aa80d48e3f7d19f023b06b81e3fe7bda495f13c53baa6b6e7bfd0/PyMuPDF-1.21.1-cp311-cp311-macosx_11_0_arm64.whl", hash = "sha256:eb29cbfd34d5ef99c657539c4f48953ea15f4b1e4e162b48efcffa5c4101ce1d"},
    {url = "https://files.pythonhosted.org/packages/1e/66/b872296c47c7a549bfeb33a9580fd1a5fb8f790da0f6573f333be232df95/PyMuPDF-1.21.1-cp38-cp38-manylinux_2_17_aarch64.manylinux2014_aarch64.whl", hash = "sha256:0b08b6afbb656f0e4582a8ee44c2ce0ab6235bb81830ec92d79f6e4893db639c"},
    {url = "https://files.pythonhosted.org/packages/21/61/6a82ea468ed8e2ee395acf82cb54baffa7bd09ec45a4eac834a390a86581/PyMuPDF-1.21.1-cp39-cp39-manylinux_2_17_aarch64.manylinux2014_aarch64.whl", hash = "sha256:2bb5f9ce33054ebfbf63c41e68606d51e3ad5d85def0af5ebb6f0dd276e61037"},
    {url = "https://files.pythonhosted.org/packages/30/44/9fce79689e5df7deebe2d17cb2b9b2a6b888439c241e71296e732aefa649/PyMuPDF-1.21.1.tar.gz", hash = "sha256:f815741a435c62a0036bbcbf5fa6c533567bd69c5338d413714fc57b22db93e0"},
    {url = "https://files.pythonhosted.org/packages/3f/31/301880b7de428c583361ba19f6784a6a6fb65a8f105dee179450c8a260ec/PyMuPDF-1.21.1-cp38-cp38-macosx_10_9_x86_64.whl", hash = "sha256:c09cbc7924ddf99452bb0d70438d64753815d75526d6d94293249f1665691d84"},
    {url = "https://files.pythonhosted.org/packages/45/06/34f41fe6f8884308ef07edf84a89a1a1d525a6f7f3ce649b367f35ff8346/PyMuPDF-1.21.1-cp39-cp39-win32.whl", hash = "sha256:909afad284c24f25a831b37e433e444dc4cb5b3e38b3f761b1e4acad5c65327d"},
    {url = "https://files.pythonhosted.org/packages/4d/8b/3ebe806645f92959502c360bc93b571bebf4e6b8d575678f3000bcffca16/PyMuPDF-1.21.1-cp38-cp38-win32.whl", hash = "sha256:fa0334247549def667d9f5358e558ec93815c78cebdb927a81dda38d681bf550"},
    {url = "https://files.pythonhosted.org/packages/5a/d2/8b1f0e87bf230b55b94e8dbccbf9c44fdfecc46461f8727d11b4b45861af/PyMuPDF-1.21.1-cp37-cp37m-macosx_10_9_x86_64.whl", hash = "sha256:2a870f02b2767e9371bbb3d0263c3994f59679a64b1b9dd1a6b0d9a15c963d68"},
    {url = "https://files.pythonhosted.org/packages/5c/55/4103df57c3e83f88b9b8870461214bcb44202cc3f81d0322beaa45ef497a/PyMuPDF-1.21.1-cp310-cp310-macosx_10_9_x86_64.whl", hash = "sha256:e334e7baea701d4029faa034520c722c9c55e8315b7ccf4d1b686eba8e293f32"},
    {url = "https://files.pythonhosted.org/packages/6f/c8/956faf3059fbca56f592011af5b5c317f6aa49a14dffe5dcb5ea67ed5b65/PyMuPDF-1.21.1-cp310-cp310-win_amd64.whl", hash = "sha256:c040c9ac98b7a1afc06fe55ffedbf6a305c24bf1c97597838f208c68035971f4"},
    {url = "https://files.pythonhosted.org/packages/73/cc/873d325a756bff12a49f315c2b561f9ad3421a92c79dd2ce643006847325/PyMuPDF-1.21.1-cp311-cp311-manylinux_2_17_aarch64.manylinux2014_aarch64.whl", hash = "sha256:06860a8e60ba14f25aac5db90803d59b1a2fdac24c2b65dc6f9876ff36df586e"},
    {url = "https://files.pythonhosted.org/packages/75/0f/ad2f5533d12b41583c9a8f6a37ff71d8dd65a3aad326cc34875b79fdcbfb/PyMuPDF-1.21.1-cp37-cp37m-manylinux_2_17_aarch64.manylinux2014_aarch64.whl", hash = "sha256:f99e6c2109c38c17cd5f1b82c9d35f1e815a71a3464b765f41f3c8cf875dcf4c"},
    {url = "https://files.pythonhosted.org/packages/7c/24/aec29264ce9da88da01d3ebcf3424eae481d846dbce2d362389519060e4c/PyMuPDF-1.21.1-cp310-cp310-macosx_11_0_arm64.whl", hash = "sha256:19fe49966f3a072a258cdfbab3d8c5b11cb7c2fb7c8e6abf3398d9e55af6f1ca"},
    {url = "https://files.pythonhosted.org/packages/7f/01/71ed465e1b5e38e3a9fc57f4f021f4c525df3ed156a1c7ffe4deaa0f927c/PyMuPDF-1.21.1-cp37-cp37m-win32.whl", hash = "sha256:b2b197bb0f00159f4584f51c7bf4d897aa5fb88de3c1f964347047a710c1f1be"},
    {url = "https://files.pythonhosted.org/packages/9a/a2/99f7bc03a24cb02a9f644764d1916742e3b0a8af7d2c05f004c786e56dfe/PyMuPDF-1.21.1-cp37-cp37m-win_amd64.whl", hash = "sha256:dddd3fe6fa20b3e2642c10e66c97cfd3727010d3dafe653f16dce52396ef0208"},
    {url = "https://files.pythonhosted.org/packages/9b/86/a1815f52c46148bb4934a6bea5b2985ed91485468797dcb8cea1cedffa1b/PyMuPDF-1.21.1-cp38-cp38-win_amd64.whl", hash = "sha256:d85c360abd72c14e302a2cefd02ebd01568f5c669700c7fc1ed056e9cdf3c285"},
    {url = "https://files.pythonhosted.org/packages/9c/90/4dcdb731e9aaecfa2f10300bf51f4f2d2079083819fd4a109a3e1d331338/PyMuPDF-1.21.1-cp310-cp310-manylinux_2_17_aarch64.manylinux2014_aarch64.whl", hash = "sha256:36181c4cb27740791d611d0224dd18ac78e23a1f06aa2151394c5b9194b4f885"},
    {url = "https://files.pythonhosted.org/packages/9d/d8/dcbdb57e070d42956680206cf1da80299396f59eee52d6c208bb2c338246/PyMuPDF-1.21.1-cp37-cp37m-manylinux_2_17_x86_64.manylinux2014_x86_64.whl", hash = "sha256:bf204723782ca481cd120e1ab124b0d59fd387103e15675ae462415bfa22b3a2"},
    {url = "https://files.pythonhosted.org/packages/aa/c0/2a7bfe118a5c965aa358da95fe77872d8d4fabadd14ed5f46a55b6ce7cc6/PyMuPDF-1.21.1-cp311-cp311-win_amd64.whl", hash = "sha256:dab0459791175dea813e6130e08b9026d3b9d66854f0dbb7ab51ab1619875d24"},
    {url = "https://files.pythonhosted.org/packages/b6/74/7883ec5bb17c4b11ed735e649e097ca62a10315b87ade689cf0149b577df/PyMuPDF-1.21.1-cp39-cp39-manylinux_2_17_x86_64.manylinux2014_x86_64.whl", hash = "sha256:2fbb96336c5cc065f6e5359f034a689e4d64ca7697dc5965b03f105b2ecb7ba1"},
    {url = "https://files.pythonhosted.org/packages/d4/cb/1e325b14294e4502a482c8b5f8dbe38e7aab8f8a215b527fd66795a12865/PyMuPDF-1.21.1-cp310-cp310-win32.whl", hash = "sha256:7e5a1ed49df5eee7834fb37adb5c94354e98b23fa997e67034b157790a31bbfc"},
    {url = "https://files.pythonhosted.org/packages/de/63/6d8a8d05a6e41dfa5ab358e075a1e619b7eaa3d5128088b071d96aff9478/PyMuPDF-1.21.1-cp311-cp311-macosx_10_9_x86_64.whl", hash = "sha256:ac2f61632bcd4c9532a26b52684ca05a4c8b7b96d6be947134b3e01a420904fd"},
    {url = "https://files.pythonhosted.org/packages/de/d3/7b21aabd0a59ea72aedbec8d90c6c49068e17c8484ad15ce4266d5c59d7f/PyMuPDF-1.21.1-cp38-cp38-manylinux_2_17_x86_64.manylinux2014_x86_64.whl", hash = "sha256:0c85efbc08c83c8d91ae1cc7bb7e06c7cd7e203e9d0ed806ff22db173999f30c"},
    {url = "https://files.pythonhosted.org/packages/e0/27/83c843ef54f5c65874c844a77e216326eb5b2a2fcb08bd7cb0784fb759f9/PyMuPDF-1.21.1-cp310-cp310-manylinux_2_17_x86_64.manylinux2014_x86_64.whl", hash = "sha256:e5273ff0c3bf08428ef956c4a5e5e0b475667cc3e1cb7b41d9f5131636996e59"},
    {url = "https://files.pythonhosted.org/packages/e2/bb/76ce95d6c3d294304b458c2477ae64074f600db5a761c59534571ccc65e0/PyMuPDF-1.21.1-cp311-cp311-manylinux_2_17_x86_64.manylinux2014_x86_64.whl", hash = "sha256:ff7d01cb563c3ca18880ba6a2661351f07b8a54f6599272be2e3568524e5e721"},
    {url = "https://files.pythonhosted.org/packages/e5/1f/0c7ec4e8e18cb73461231fe17543ee25782fdb95c2e67a9ed5e7af894027/PyMuPDF-1.21.1-cp38-cp38-macosx_11_0_arm64.whl", hash = "sha256:fdba6bf77d1d3cd57ea93181c494f4b138523000ff74b25c523be7dce0058ac9"},
    {url = "https://files.pythonhosted.org/packages/e5/88/9b4207bad0e07afc8d985cdc28c0da85bbed14a6f7cf295660ba77a68c73/PyMuPDF-1.21.1-cp39-cp39-macosx_10_9_x86_64.whl", hash = "sha256:f3ffa9a8c643da39aba80e787d2c1771d5be07b0e15bf193ddd1fda888bbca88"},
    {url = "https://files.pythonhosted.org/packages/ee/f9/8979970a643e963af321bf9314cbf77af83509abac5111e99e0af9e15658/PyMuPDF-1.21.1-cp39-cp39-macosx_11_0_arm64.whl", hash = "sha256:18fbdcb35c144b26a3a507bfa73f98401a27819f29dca496eb470b9a1ec09fad"},
]
"win32-setctime 1.1.0" = [
    {url = "https://files.pythonhosted.org/packages/0a/e6/a7d828fef907843b2a5773ebff47fb79ac0c1c88d60c0ca9530ee941e248/win32_setctime-1.1.0-py3-none-any.whl", hash = "sha256:231db239e959c2fe7eb1d7dc129f11172354f98361c4fa2d6d2d7e278baa8aad"},
    {url = "https://files.pythonhosted.org/packages/6b/dd/f95a13d2b235a28d613ba23ebad55191514550debb968b46aab99f2e3a30/win32_setctime-1.1.0.tar.gz", hash = "sha256:15cf5750465118d6929ae4de4eb46e8edae9a5634350c01ba582df868e932cb2"},
]
